// !$*UTF8*$!
{
	archiveVersion = 1;
	classes = {
	};
	objectVersion = 46;
	objects = {

/* Begin PBXBuildFile section */
		3E8484F01C701FC300DE4432 /* main.cpp in Sources */ = {isa = PBXBuildFile; fileRef = 3E8484EF1C701FC300DE4432 /* main.cpp */; };
		3E8484F81C70228000DE4432 /* Try.cpp in Sources */ = {isa = PBXBuildFile; fileRef = 3E8484F71C70228000DE4432 /* Try.cpp */; };
/* End PBXBuildFile section */

/* Begin PBXCopyFilesBuildPhase section */
		3E8484EA1C701FC300DE4432 /* CopyFiles */ = {
			isa = PBXCopyFilesBuildPhase;
			buildActionMask = 2147483647;
			dstPath = /usr/share/man/man1/;
			dstSubfolderSpec = 0;
			files = (
			);
			runOnlyForDeploymentPostprocessing = 1;
		};
/* End PBXCopyFilesBuildPhase section */

/* Begin PBXFileReference section */
		3E8484EC1C701FC300DE4432 /* auto-complete_prac */ = {isa = PBXFileReference; explicitFileType = "compiled.mach-o.executable"; includeInIndex = 0; path = "auto-complete_prac"; sourceTree = BUILT_PRODUCTS_DIR; };
		3E8484EF1C701FC300DE4432 /* main.cpp */ = {isa = PBXFileReference; lastKnownFileType = sourcecode.cpp.cpp; path = main.cpp; sourceTree = "<group>"; };
		3E8484F61C70228000DE4432 /* Try.h */ = {isa = PBXFileReference; fileEncoding = 4; lastKnownFileType = sourcecode.c.h; path = Try.h; sourceTree = "<group>"; };
		3E8484F71C70228000DE4432 /* Try.cpp */ = {isa = PBXFileReference; fileEncoding = 4; lastKnownFileType = sourcecode.cpp.cpp; path = Try.cpp; sourceTree = "<group>"; };
/* End PBXFileReference section */

/* Begin PBXFrameworksBuildPhase section */
		3E8484E91C701FC300DE4432 /* Frameworks */ = {
			isa = PBXFrameworksBuildPhase;
			buildActionMask = 2147483647;
			files = (
			);
			runOnlyForDeploymentPostprocessing = 0;
		};
/* End PBXFrameworksBuildPhase section */

/* Begin PBXGroup section */
		3E8484E31C701FC300DE4432 = {
			isa = PBXGroup;
			children = (
				3E8484EE1C701FC300DE4432 /* auto-complete_prac */,
				3E8484ED1C701FC300DE4432 /* Products */,
			);
			sourceTree = "<group>";
		};
		3E8484ED1C701FC300DE4432 /* Products */ = {
			isa = PBXGroup;
			children = (
				3E8484EC1C701FC300DE4432 /* auto-complete_prac */,
			);
			name = Products;
			sourceTree = "<group>";
		};
		3E8484EE1C701FC300DE4432 /* auto-complete_prac */ = {
			isa = PBXGroup;
			children = (
				3E8484EF1C701FC300DE4432 /* main.cpp */,
				3E8484F61C70228000DE4432 /* Try.h */,
				3E8484F71C70228000DE4432 /* Try.cpp */,
			);
			path = "auto-complete_prac";
			sourceTree = "<group>";
		};
/* End PBXGroup section */

/* Begin PBXNativeTarget section */
		3E8484EB1C701FC300DE4432 /* auto-complete_prac */ = {
			isa = PBXNativeTarget;
			buildConfigurationList = 3E8484F31C701FC300DE4432 /* Build configuration list for PBXNativeTarget "auto-complete_prac" */;
			buildPhases = (
				3E8484E81C701FC300DE4432 /* Sources */,
				3E8484E91C701FC300DE4432 /* Frameworks */,
				3E8484EA1C701FC300DE4432 /* CopyFiles */,
			);
			buildRules = (
			);
			dependencies = (
			);
			name = "auto-complete_prac";
			productName = "auto-complete_prac";
			productReference = 3E8484EC1C701FC300DE4432 /* auto-complete_prac */;
			productType = "com.apple.product-type.tool";
		};
/* End PBXNativeTarget section */

/* Begin PBXProject section */
		3E8484E41C701FC300DE4432 /* Project object */ = {
			isa = PBXProject;
			attributes = {
				LastUpgradeCheck = 0620;
				ORGANIZATIONNAME = "___Marss___";
				TargetAttributes = {
					3E8484EB1C701FC300DE4432 = {
						CreatedOnToolsVersion = 6.2;
					};
				};
			};
			buildConfigurationList = 3E8484E71C701FC300DE4432 /* Build configuration list for PBXProject "auto-complete_prac" */;
			compatibilityVersion = "Xcode 3.2";
			developmentRegion = English;
			hasScannedForEncodings = 0;
			knownRegions = (
				en,
			);
			mainGroup = 3E8484E31C701FC300DE4432;
			productRefGroup = 3E8484ED1C701FC300DE4432 /* Products */;
			projectDirPath = "";
			projectRoot = "";
			targets = (
				3E8484EB1C701FC300DE4432 /* auto-complete_prac */,
			);
		};
/* End PBXProject section */

/* Begin PBXSourcesBuildPhase section */
		3E8484E81C701FC300DE4432 /* Sources */ = {
			isa = PBXSourcesBuildPhase;
			buildActionMask = 2147483647;
			files = (
				3E8484F01C701FC300DE4432 /* main.cpp in Sources */,
				3E8484F81C70228000DE4432 /* Try.cpp in Sources */,
			);
			runOnlyForDeploymentPostprocessing = 0;
		};
/* End PBXSourcesBuildPhase section */

/* Begin XCBuildConfiguration section */
		3E8484F11C701FC300DE4432 /* Debug */ = {
			isa = XCBuildConfiguration;
			buildSettings = {
				ALWAYS_SEARCH_USER_PATHS = NO;
				CLANG_CXX_LANGUAGE_STANDARD = "gnu++0x";
				CLANG_CXX_LIBRARY = "libc++";
				CLANG_ENABLE_MODULES = YES;
				CLANG_ENABLE_OBJC_ARC = YES;
				CLANG_WARN_BOOL_CONVERSION = YES;
				CLANG_WARN_CONSTANT_CONVERSION = YES;
				CLANG_WARN_DIRECT_OBJC_ISA_USAGE = YES_ERROR;
				CLANG_WARN_EMPTY_BODY = YES;
				CLANG_WARN_ENUM_CONVERSION = YES;
				CLANG_WARN_INT_CONVERSION = YES;
				CLANG_WARN_OBJC_ROOT_CLASS = YES_ERROR;
				CLANG_WARN_UNREACHABLE_CODE = YES;
				CLANG_WARN__DUPLICATE_METHOD_MATCH = YES;
				COPY_PHASE_STRIP = NO;
				ENABLE_STRICT_OBJC_MSGSEND = YES;
				GCC_C_LANGUAGE_STANDARD = gnu99;
				GCC_DYNAMIC_NO_PIC = NO;
				GCC_OPTIMIZATION_LEVEL = 0;
				GCC_PREPROCESSOR_DEFINITIONS = (
					"DEBUG=1",
					"$(inherited)",
				);
				GCC_SYMBOLS_PRIVATE_EXTERN = NO;
				GCC_WARN_64_TO_32_BIT_CONVERSION = YES;
				GCC_WARN_ABOUT_RETURN_TYPE = YES_ERROR;
				GCC_WARN_UNDECLARED_SELECTOR = YES;
				GCC_WARN_UNINITIALIZED_AUTOS = YES_AGGRESSIVE;
				GCC_WARN_UNUSED_FUNCTION = YES;
				GCC_WARN_UNUSED_VARIABLE = YES;
				MACOSX_DEPLOYMENT_TARGET = 10.9;
				MTL_ENABLE_DEBUG_INFO = YES;
				ONLY_ACTIVE_ARCH = YES;
				SDKROOT = macosx;
			};
			name = Debug;
		};
		3E8484F21C701FC300DE4432 /* Release */ = {
			isa = XCBuildConfiguration;
			buildSettings = {
				ALWAYS_SEARCH_USER_PATHS = NO;
				CLANG_CXX_LANGUAGE_STANDARD = "gnu++0x";
				CLANG_CXX_LIBRARY = "libc++";
				CLANG_ENABLE_MODULES = YES;
				CLANG_ENABLE_OBJC_ARC = YES;
				CLANG_WARN_BOOL_CONVERSION = YES;
				CLANG_WARN_CONSTANT_CONVERSION = YES;
				CLANG_WARN_DIRECT_OBJC_ISA_USAGE = YES_ERROR;
				CLANG_WARN_EMPTY_BODY = YES;
				CLANG_WARN_ENUM_CONVERSION = YES;
				CLANG_WARN_INT_CONVERSION = YES;
				CLANG_WARN_OBJC_ROOT_CLASS = YES_ERROR;
				CLANG_WARN_UNREACHABLE_CODE = YES;
				CLANG_WARN__DUPLICATE_METHOD_MATCH = YES;
				COPY_PHASE_STRIP = NO;
				DEBUG_INFORMATION_FORMAT = "dwarf-with-dsym";
				ENABLE_NS_ASSERTIONS = NO;
				ENABLE_STRICT_OBJC_MSGSEND = YES;
				GCC_C_LANGUAGE_STANDARD = gnu99;
				GCC_WARN_64_TO_32_BIT_CONVERSION = YES;
				GCC_WARN_ABOUT_RETURN_TYPE = YES_ERROR;
				GCC_WARN_UNDECLARED_SELECTOR = YES;
				GCC_WARN_UNINITIALIZED_AUTOS = YES_AGGRESSIVE;
				GCC_WARN_UNUSED_FUNCTION = YES;
				GCC_WARN_UNUSED_VARIABLE = YES;
				MACOSX_DEPLOYMENT_TARGET = 10.9;
				MTL_ENABLE_DEBUG_INFO = NO;
				SDKROOT = macosx;
			};
			name = Release;
		};
		3E8484F41C701FC300DE4432 /* Debug */ = {
			isa = XCBuildConfiguration;
			buildSettings = {
				PRODUCT_NAME = "$(TARGET_NAME)";
			};
			name = Debug;
		};
		3E8484F51C701FC300DE4432 /* Release */ = {
			isa = XCBuildConfiguration;
			buildSettings = {
				PRODUCT_NAME = "$(TARGET_NAME)";
			};
			name = Release;
		};
/* End XCBuildConfiguration section */

/* Begin XCConfigurationList section */
		3E8484E71C701FC300DE4432 /* Build configuration list for PBXProject "auto-complete_prac" */ = {
			isa = XCConfigurationList;
			buildConfigurations = (
				3E8484F11C701FC300DE4432 /* Debug */,
				3E8484F21C701FC300DE4432 /* Release */,
			);
			defaultConfigurationIsVisible = 0;
			defaultConfigurationName = Release;
		};
		3E8484F31C701FC300DE4432 /* Build configuration list for PBXNativeTarget "auto-complete_prac" */ = {
			isa = XCConfigurationList;
			buildConfigurations = (
				3E8484F41C701FC300DE4432 /* Debug */,
				3E8484F51C701FC300DE4432 /* Release */,
			);
			defaultConfigurationIsVisible = 0;
		};
/* End XCConfigurationList section */
	};
	rootObject = 3E8484E41C701FC300DE4432 /* Project object */;
}
