// !$*UTF8*$!
{
	archiveVersion = 1;
	classes = {
	};
	objectVersion = 46;
	objects = {

/* Begin PBXBuildFile section */
		3E513E491C6D0F1F007B9C3A /* main.cpp in Sources */ = {isa = PBXBuildFile; fileRef = 3E513E481C6D0F1F007B9C3A /* main.cpp */; };
		3E513E571C6D0F4E007B9C3A /* Song.cpp in Sources */ = {isa = PBXBuildFile; fileRef = 3E513E501C6D0F4E007B9C3A /* Song.cpp */; };
		3E513E581C6D0F4E007B9C3A /* Song_Container.cpp in Sources */ = {isa = PBXBuildFile; fileRef = 3E513E521C6D0F4E007B9C3A /* Song_Container.cpp */; };
		3E513E591C6D0F4E007B9C3A /* Playlist.cpp in Sources */ = {isa = PBXBuildFile; fileRef = 3E513E541C6D0F4E007B9C3A /* Playlist.cpp */; };
		3E513E5A1C6D0F4E007B9C3A /* Playlist_Container.cpp in Sources */ = {isa = PBXBuildFile; fileRef = 3E513E561C6D0F4E007B9C3A /* Playlist_Container.cpp */; };
		3EBDC7581CB41DC10043B9CF /* Text_Parser.cpp in Sources */ = {isa = PBXBuildFile; fileRef = 3EBDC7561CB41DC10043B9CF /* Text_Parser.cpp */; };
/* End PBXBuildFile section */

/* Begin PBXCopyFilesBuildPhase section */
		3E513E431C6D0F1F007B9C3A /* CopyFiles */ = {
			isa = PBXCopyFilesBuildPhase;
			buildActionMask = 2147483647;
			dstPath = /usr/share/man/man1/;
			dstSubfolderSpec = 0;
			files = (
			);
			runOnlyForDeploymentPostprocessing = 1;
		};
/* End PBXCopyFilesBuildPhase section */

/* Begin PBXFileReference section */
		3E513E451C6D0F1F007B9C3A /* prac_PlayList */ = {isa = PBXFileReference; explicitFileType = "compiled.mach-o.executable"; includeInIndex = 0; path = prac_PlayList; sourceTree = BUILT_PRODUCTS_DIR; };
		3E513E481C6D0F1F007B9C3A /* main.cpp */ = {isa = PBXFileReference; lastKnownFileType = sourcecode.cpp.cpp; path = main.cpp; sourceTree = "<group>"; };
		3E513E4F1C6D0F4E007B9C3A /* Song.h */ = {isa = PBXFileReference; fileEncoding = 4; lastKnownFileType = sourcecode.c.h; path = Song.h; sourceTree = "<group>"; };
		3E513E501C6D0F4E007B9C3A /* Song.cpp */ = {isa = PBXFileReference; fileEncoding = 4; lastKnownFileType = sourcecode.cpp.cpp; path = Song.cpp; sourceTree = "<group>"; };
		3E513E511C6D0F4E007B9C3A /* Song_Container.h */ = {isa = PBXFileReference; fileEncoding = 4; lastKnownFileType = sourcecode.c.h; path = Song_Container.h; sourceTree = "<group>"; };
		3E513E521C6D0F4E007B9C3A /* Song_Container.cpp */ = {isa = PBXFileReference; fileEncoding = 4; lastKnownFileType = sourcecode.cpp.cpp; path = Song_Container.cpp; sourceTree = "<group>"; };
		3E513E531C6D0F4E007B9C3A /* Playlist.h */ = {isa = PBXFileReference; fileEncoding = 4; lastKnownFileType = sourcecode.c.h; path = Playlist.h; sourceTree = "<group>"; };
		3E513E541C6D0F4E007B9C3A /* Playlist.cpp */ = {isa = PBXFileReference; fileEncoding = 4; lastKnownFileType = sourcecode.cpp.cpp; path = Playlist.cpp; sourceTree = "<group>"; };
		3E513E551C6D0F4E007B9C3A /* Playlist_Container.h */ = {isa = PBXFileReference; fileEncoding = 4; lastKnownFileType = sourcecode.c.h; path = Playlist_Container.h; sourceTree = "<group>"; };
		3E513E561C6D0F4E007B9C3A /* Playlist_Container.cpp */ = {isa = PBXFileReference; fileEncoding = 4; lastKnownFileType = sourcecode.cpp.cpp; path = Playlist_Container.cpp; sourceTree = "<group>"; };
		3EBDC7561CB41DC10043B9CF /* Text_Parser.cpp */ = {isa = PBXFileReference; fileEncoding = 4; lastKnownFileType = sourcecode.cpp.cpp; path = Text_Parser.cpp; sourceTree = "<group>"; };
		3EBDC7571CB41DC10043B9CF /* Text_Parser.h */ = {isa = PBXFileReference; fileEncoding = 4; lastKnownFileType = sourcecode.c.h; path = Text_Parser.h; sourceTree = "<group>"; };
/* End PBXFileReference section */

/* Begin PBXFrameworksBuildPhase section */
		3E513E421C6D0F1F007B9C3A /* Frameworks */ = {
			isa = PBXFrameworksBuildPhase;
			buildActionMask = 2147483647;
			files = (
			);
			runOnlyForDeploymentPostprocessing = 0;
		};
/* End PBXFrameworksBuildPhase section */

/* Begin PBXGroup section */
		3E513E3C1C6D0F1F007B9C3A = {
			isa = PBXGroup;
			children = (
				3E513E471C6D0F1F007B9C3A /* prac_PlayList */,
				3E513E461C6D0F1F007B9C3A /* Products */,
			);
			sourceTree = "<group>";
		};
		3E513E461C6D0F1F007B9C3A /* Products */ = {
			isa = PBXGroup;
			children = (
				3E513E451C6D0F1F007B9C3A /* prac_PlayList */,
			);
			name = Products;
			sourceTree = "<group>";
		};
		3E513E471C6D0F1F007B9C3A /* prac_PlayList */ = {
			isa = PBXGroup;
			children = (
				3E513E481C6D0F1F007B9C3A /* main.cpp */,
				3E513E4F1C6D0F4E007B9C3A /* Song.h */,
				3E513E501C6D0F4E007B9C3A /* Song.cpp */,
				3E513E531C6D0F4E007B9C3A /* Playlist.h */,
				3E513E541C6D0F4E007B9C3A /* Playlist.cpp */,
				3E513E511C6D0F4E007B9C3A /* Song_Container.h */,
				3E513E521C6D0F4E007B9C3A /* Song_Container.cpp */,
				3EBDC7561CB41DC10043B9CF /* Text_Parser.cpp */,
				3EBDC7571CB41DC10043B9CF /* Text_Parser.h */,
				3E513E551C6D0F4E007B9C3A /* Playlist_Container.h */,
				3E513E561C6D0F4E007B9C3A /* Playlist_Container.cpp */,
			);
			path = prac_PlayList;
			sourceTree = "<group>";
		};
/* End PBXGroup section */

/* Begin PBXNativeTarget section */
		3E513E441C6D0F1F007B9C3A /* prac_PlayList */ = {
			isa = PBXNativeTarget;
			buildConfigurationList = 3E513E4C1C6D0F1F007B9C3A /* Build configuration list for PBXNativeTarget "prac_PlayList" */;
			buildPhases = (
				3E513E411C6D0F1F007B9C3A /* Sources */,
				3E513E421C6D0F1F007B9C3A /* Frameworks */,
				3E513E431C6D0F1F007B9C3A /* CopyFiles */,
			);
			buildRules = (
			);
			dependencies = (
			);
			name = prac_PlayList;
			productName = prac_PlayList;
			productReference = 3E513E451C6D0F1F007B9C3A /* prac_PlayList */;
			productType = "com.apple.product-type.tool";
		};
/* End PBXNativeTarget section */

/* Begin PBXProject section */
		3E513E3D1C6D0F1F007B9C3A /* Project object */ = {
			isa = PBXProject;
			attributes = {
				LastUpgradeCheck = 0620;
				ORGANIZATIONNAME = "___Marss___";
				TargetAttributes = {
					3E513E441C6D0F1F007B9C3A = {
						CreatedOnToolsVersion = 6.2;
					};
				};
			};
			buildConfigurationList = 3E513E401C6D0F1F007B9C3A /* Build configuration list for PBXProject "prac_PlayList" */;
			compatibilityVersion = "Xcode 3.2";
			developmentRegion = English;
			hasScannedForEncodings = 0;
			knownRegions = (
				en,
			);
			mainGroup = 3E513E3C1C6D0F1F007B9C3A;
			productRefGroup = 3E513E461C6D0F1F007B9C3A /* Products */;
			projectDirPath = "";
			projectRoot = "";
			targets = (
				3E513E441C6D0F1F007B9C3A /* prac_PlayList */,
			);
		};
/* End PBXProject section */

/* Begin PBXSourcesBuildPhase section */
		3E513E411C6D0F1F007B9C3A /* Sources */ = {
			isa = PBXSourcesBuildPhase;
			buildActionMask = 2147483647;
			files = (
				3E513E571C6D0F4E007B9C3A /* Song.cpp in Sources */,
				3E513E581C6D0F4E007B9C3A /* Song_Container.cpp in Sources */,
				3E513E491C6D0F1F007B9C3A /* main.cpp in Sources */,
				3EBDC7581CB41DC10043B9CF /* Text_Parser.cpp in Sources */,
				3E513E5A1C6D0F4E007B9C3A /* Playlist_Container.cpp in Sources */,
				3E513E591C6D0F4E007B9C3A /* Playlist.cpp in Sources */,
			);
			runOnlyForDeploymentPostprocessing = 0;
		};
/* End PBXSourcesBuildPhase section */

/* Begin XCBuildConfiguration section */
		3E513E4A1C6D0F1F007B9C3A /* Debug */ = {
			isa = XCBuildConfiguration;
			buildSettings = {
				ALWAYS_SEARCH_USER_PATHS = NO;
				CLANG_CXX_LANGUAGE_STANDARD = "gnu++0x";
				CLANG_CXX_LIBRARY = "libc++";
				CLANG_ENABLE_MODULES = YES;
				CLANG_ENABLE_OBJC_ARC = YES;
				CLANG_WARN_BOOL_CONVERSION = YES;
				CLANG_WARN_CONSTANT_CONVERSION = YES;
				CLANG_WARN_DIRECT_OBJC_ISA_USAGE = YES_ERROR;
				CLANG_WARN_EMPTY_BODY = YES;
				CLANG_WARN_ENUM_CONVERSION = YES;
				CLANG_WARN_INT_CONVERSION = YES;
				CLANG_WARN_OBJC_ROOT_CLASS = YES_ERROR;
				CLANG_WARN_UNREACHABLE_CODE = YES;
				CLANG_WARN__DUPLICATE_METHOD_MATCH = YES;
				COPY_PHASE_STRIP = NO;
				ENABLE_STRICT_OBJC_MSGSEND = YES;
				GCC_C_LANGUAGE_STANDARD = gnu99;
				GCC_DYNAMIC_NO_PIC = NO;
				GCC_OPTIMIZATION_LEVEL = 0;
				GCC_PREPROCESSOR_DEFINITIONS = (
					"DEBUG=1",
					"$(inherited)",
				);
				GCC_SYMBOLS_PRIVATE_EXTERN = NO;
				GCC_WARN_64_TO_32_BIT_CONVERSION = YES;
				GCC_WARN_ABOUT_RETURN_TYPE = YES_ERROR;
				GCC_WARN_UNDECLARED_SELECTOR = YES;
				GCC_WARN_UNINITIALIZED_AUTOS = YES_AGGRESSIVE;
				GCC_WARN_UNUSED_FUNCTION = YES;
				GCC_WARN_UNUSED_VARIABLE = YES;
				MACOSX_DEPLOYMENT_TARGET = 10.9;
				MTL_ENABLE_DEBUG_INFO = YES;
				ONLY_ACTIVE_ARCH = YES;
				SDKROOT = macosx;
			};
			name = Debug;
		};
		3E513E4B1C6D0F1F007B9C3A /* Release */ = {
			isa = XCBuildConfiguration;
			buildSettings = {
				ALWAYS_SEARCH_USER_PATHS = NO;
				CLANG_CXX_LANGUAGE_STANDARD = "gnu++0x";
				CLANG_CXX_LIBRARY = "libc++";
				CLANG_ENABLE_MODULES = YES;
				CLANG_ENABLE_OBJC_ARC = YES;
				CLANG_WARN_BOOL_CONVERSION = YES;
				CLANG_WARN_CONSTANT_CONVERSION = YES;
				CLANG_WARN_DIRECT_OBJC_ISA_USAGE = YES_ERROR;
				CLANG_WARN_EMPTY_BODY = YES;
				CLANG_WARN_ENUM_CONVERSION = YES;
				CLANG_WARN_INT_CONVERSION = YES;
				CLANG_WARN_OBJC_ROOT_CLASS = YES_ERROR;
				CLANG_WARN_UNREACHABLE_CODE = YES;
				CLANG_WARN__DUPLICATE_METHOD_MATCH = YES;
				COPY_PHASE_STRIP = NO;
				DEBUG_INFORMATION_FORMAT = "dwarf-with-dsym";
				ENABLE_NS_ASSERTIONS = NO;
				ENABLE_STRICT_OBJC_MSGSEND = YES;
				GCC_C_LANGUAGE_STANDARD = gnu99;
				GCC_WARN_64_TO_32_BIT_CONVERSION = YES;
				GCC_WARN_ABOUT_RETURN_TYPE = YES_ERROR;
				GCC_WARN_UNDECLARED_SELECTOR = YES;
				GCC_WARN_UNINITIALIZED_AUTOS = YES_AGGRESSIVE;
				GCC_WARN_UNUSED_FUNCTION = YES;
				GCC_WARN_UNUSED_VARIABLE = YES;
				MACOSX_DEPLOYMENT_TARGET = 10.9;
				MTL_ENABLE_DEBUG_INFO = NO;
				SDKROOT = macosx;
			};
			name = Release;
		};
		3E513E4D1C6D0F1F007B9C3A /* Debug */ = {
			isa = XCBuildConfiguration;
			buildSettings = {
				PRODUCT_NAME = "$(TARGET_NAME)";
			};
			name = Debug;
		};
		3E513E4E1C6D0F1F007B9C3A /* Release */ = {
			isa = XCBuildConfiguration;
			buildSettings = {
				PRODUCT_NAME = "$(TARGET_NAME)";
			};
			name = Release;
		};
/* End XCBuildConfiguration section */

/* Begin XCConfigurationList section */
		3E513E401C6D0F1F007B9C3A /* Build configuration list for PBXProject "prac_PlayList" */ = {
			isa = XCConfigurationList;
			buildConfigurations = (
				3E513E4A1C6D0F1F007B9C3A /* Debug */,
				3E513E4B1C6D0F1F007B9C3A /* Release */,
			);
			defaultConfigurationIsVisible = 0;
			defaultConfigurationName = Release;
		};
		3E513E4C1C6D0F1F007B9C3A /* Build configuration list for PBXNativeTarget "prac_PlayList" */ = {
			isa = XCConfigurationList;
			buildConfigurations = (
				3E513E4D1C6D0F1F007B9C3A /* Debug */,
				3E513E4E1C6D0F1F007B9C3A /* Release */,
			);
			defaultConfigurationIsVisible = 0;
			defaultConfigurationName = Release;
		};
/* End XCConfigurationList section */
	};
	rootObject = 3E513E3D1C6D0F1F007B9C3A /* Project object */;
}
